// !$*UTF8*$!
{
	archiveVersion = 1;
	classes = {
	};
	objectVersion = 50;
	objects = {

/* Begin PBXBuildFile section */
		3D09F98526D5B53500105EC2 /* AppDelegate.swift in Sources */ = {isa = PBXBuildFile; fileRef = 3D09F98426D5B53500105EC2 /* AppDelegate.swift */; };
		3D09F98726D5B53500105EC2 /* ViewController.swift in Sources */ = {isa = PBXBuildFile; fileRef = 3D09F98626D5B53500105EC2 /* ViewController.swift */; };
		3D09F98A26D5B53500105EC2 /* Main.storyboard in Resources */ = {isa = PBXBuildFile; fileRef = 3D09F98826D5B53500105EC2 /* Main.storyboard */; };
		3D09F98C26D5B53700105EC2 /* Assets.xcassets in Resources */ = {isa = PBXBuildFile; fileRef = 3D09F98B26D5B53700105EC2 /* Assets.xcassets */; };
		3D09F98F26D5B53700105EC2 /* LaunchScreen.storyboard in Resources */ = {isa = PBXBuildFile; fileRef = 3D09F98D26D5B53700105EC2 /* LaunchScreen.storyboard */; };
		3D09F99A26D5B53700105EC2 /* Practice_UITests.swift in Sources */ = {isa = PBXBuildFile; fileRef = 3D09F99926D5B53700105EC2 /* Practice_UITests.swift */; };
		3D09F9A526D5B53700105EC2 /* Practice_UIUITests.swift in Sources */ = {isa = PBXBuildFile; fileRef = 3D09F9A426D5B53700105EC2 /* Practice_UIUITests.swift */; };
/* End PBXBuildFile section */

/* Begin PBXContainerItemProxy section */
		3D09F99626D5B53700105EC2 /* PBXContainerItemProxy */ = {
			isa = PBXContainerItemProxy;
			containerPortal = 3D09F97926D5B53500105EC2 /* Project object */;
			proxyType = 1;
			remoteGlobalIDString = 3D09F98026D5B53500105EC2;
			remoteInfo = "Practice UI";
		};
		3D09F9A126D5B53700105EC2 /* PBXContainerItemProxy */ = {
			isa = PBXContainerItemProxy;
			containerPortal = 3D09F97926D5B53500105EC2 /* Project object */;
			proxyType = 1;
			remoteGlobalIDString = 3D09F98026D5B53500105EC2;
			remoteInfo = "Practice UI";
		};
/* End PBXContainerItemProxy section */

/* Begin PBXFileReference section */
		3D09F98126D5B53500105EC2 /* Practice UI.app */ = {isa = PBXFileReference; explicitFileType = wrapper.application; includeInIndex = 0; path = "Practice UI.app"; sourceTree = BUILT_PRODUCTS_DIR; };
		3D09F98426D5B53500105EC2 /* AppDelegate.swift */ = {isa = PBXFileReference; lastKnownFileType = sourcecode.swift; path = AppDelegate.swift; sourceTree = "<group>"; };
		3D09F98626D5B53500105EC2 /* ViewController.swift */ = {isa = PBXFileReference; lastKnownFileType = sourcecode.swift; path = ViewController.swift; sourceTree = "<group>"; };
		3D09F98926D5B53500105EC2 /* Base */ = {isa = PBXFileReference; lastKnownFileType = file.storyboard; name = Base; path = Base.lproj/Main.storyboard; sourceTree = "<group>"; };
		3D09F98B26D5B53700105EC2 /* Assets.xcassets */ = {isa = PBXFileReference; lastKnownFileType = folder.assetcatalog; path = Assets.xcassets; sourceTree = "<group>"; };
		3D09F98E26D5B53700105EC2 /* Base */ = {isa = PBXFileReference; lastKnownFileType = file.storyboard; name = Base; path = Base.lproj/LaunchScreen.storyboard; sourceTree = "<group>"; };
		3D09F99026D5B53700105EC2 /* Info.plist */ = {isa = PBXFileReference; lastKnownFileType = text.plist.xml; path = Info.plist; sourceTree = "<group>"; };
		3D09F99526D5B53700105EC2 /* Practice UITests.xctest */ = {isa = PBXFileReference; explicitFileType = wrapper.cfbundle; includeInIndex = 0; path = "Practice UITests.xctest"; sourceTree = BUILT_PRODUCTS_DIR; };
		3D09F99926D5B53700105EC2 /* Practice_UITests.swift */ = {isa = PBXFileReference; lastKnownFileType = sourcecode.swift; path = Practice_UITests.swift; sourceTree = "<group>"; };
		3D09F99B26D5B53700105EC2 /* Info.plist */ = {isa = PBXFileReference; lastKnownFileType = text.plist.xml; path = Info.plist; sourceTree = "<group>"; };
		3D09F9A026D5B53700105EC2 /* Practice UIUITests.xctest */ = {isa = PBXFileReference; explicitFileType = wrapper.cfbundle; includeInIndex = 0; path = "Practice UIUITests.xctest"; sourceTree = BUILT_PRODUCTS_DIR; };
		3D09F9A426D5B53700105EC2 /* Practice_UIUITests.swift */ = {isa = PBXFileReference; lastKnownFileType = sourcecode.swift; path = Practice_UIUITests.swift; sourceTree = "<group>"; };
		3D09F9A626D5B53700105EC2 /* Info.plist */ = {isa = PBXFileReference; lastKnownFileType = text.plist.xml; path = Info.plist; sourceTree = "<group>"; };
/* End PBXFileReference section */

/* Begin PBXFrameworksBuildPhase section */
		3D09F97E26D5B53500105EC2 /* Frameworks */ = {
			isa = PBXFrameworksBuildPhase;
			buildActionMask = 2147483647;
			files = (
			);
			runOnlyForDeploymentPostprocessing = 0;
		};
		3D09F99226D5B53700105EC2 /* Frameworks */ = {
			isa = PBXFrameworksBuildPhase;
			buildActionMask = 2147483647;
			files = (
			);
			runOnlyForDeploymentPostprocessing = 0;
		};
		3D09F99D26D5B53700105EC2 /* Frameworks */ = {
			isa = PBXFrameworksBuildPhase;
			buildActionMask = 2147483647;
			files = (
			);
			runOnlyForDeploymentPostprocessing = 0;
		};
/* End PBXFrameworksBuildPhase section */

/* Begin PBXGroup section */
		3D09F97826D5B53500105EC2 = {
			isa = PBXGroup;
			children = (
				3D09F98326D5B53500105EC2 /* Practice UI */,
				3D09F99826D5B53700105EC2 /* Practice UITests */,
				3D09F9A326D5B53700105EC2 /* Practice UIUITests */,
				3D09F98226D5B53500105EC2 /* Products */,
			);
			sourceTree = "<group>";
		};
		3D09F98226D5B53500105EC2 /* Products */ = {
			isa = PBXGroup;
			children = (
				3D09F98126D5B53500105EC2 /* Practice UI.app */,
				3D09F99526D5B53700105EC2 /* Practice UITests.xctest */,
				3D09F9A026D5B53700105EC2 /* Practice UIUITests.xctest */,
			);
			name = Products;
			sourceTree = "<group>";
		};
		3D09F98326D5B53500105EC2 /* Practice UI */ = {
			isa = PBXGroup;
			children = (
				3D09F98426D5B53500105EC2 /* AppDelegate.swift */,
				3D09F98626D5B53500105EC2 /* ViewController.swift */,
				3D09F98826D5B53500105EC2 /* Main.storyboard */,
				3D09F98B26D5B53700105EC2 /* Assets.xcassets */,
				3D09F98D26D5B53700105EC2 /* LaunchScreen.storyboard */,
				3D09F99026D5B53700105EC2 /* Info.plist */,
			);
			path = "Practice UI";
			sourceTree = "<group>";
		};
		3D09F99826D5B53700105EC2 /* Practice UITests */ = {
			isa = PBXGroup;
			children = (
				3D09F99926D5B53700105EC2 /* Practice_UITests.swift */,
				3D09F99B26D5B53700105EC2 /* Info.plist */,
			);
			path = "Practice UITests";
			sourceTree = "<group>";
		};
		3D09F9A326D5B53700105EC2 /* Practice UIUITests */ = {
			isa = PBXGroup;
			children = (
				3D09F9A426D5B53700105EC2 /* Practice_UIUITests.swift */,
				3D09F9A626D5B53700105EC2 /* Info.plist */,
			);
			path = "Practice UIUITests";
			sourceTree = "<group>";
		};
/* End PBXGroup section */

/* Begin PBXNativeTarget section */
		3D09F98026D5B53500105EC2 /* Practice UI */ = {
			isa = PBXNativeTarget;
			buildConfigurationList = 3D09F9A926D5B53700105EC2 /* Build configuration list for PBXNativeTarget "Practice UI" */;
			buildPhases = (
				3D09F97D26D5B53500105EC2 /* Sources */,
				3D09F97E26D5B53500105EC2 /* Frameworks */,
				3D09F97F26D5B53500105EC2 /* Resources */,
			);
			buildRules = (
			);
			dependencies = (
			);
			name = "Practice UI";
			productName = "Practice UI";
			productReference = 3D09F98126D5B53500105EC2 /* Practice UI.app */;
			productType = "com.apple.product-type.application";
		};
		3D09F99426D5B53700105EC2 /* Practice UITests */ = {
			isa = PBXNativeTarget;
			buildConfigurationList = 3D09F9AC26D5B53700105EC2 /* Build configuration list for PBXNativeTarget "Practice UITests" */;
			buildPhases = (
				3D09F99126D5B53700105EC2 /* Sources */,
				3D09F99226D5B53700105EC2 /* Frameworks */,
				3D09F99326D5B53700105EC2 /* Resources */,
			);
			buildRules = (
			);
			dependencies = (
				3D09F99726D5B53700105EC2 /* PBXTargetDependency */,
			);
			name = "Practice UITests";
			productName = "Practice UITests";
			productReference = 3D09F99526D5B53700105EC2 /* Practice UITests.xctest */;
			productType = "com.apple.product-type.bundle.unit-test";
		};
		3D09F99F26D5B53700105EC2 /* Practice UIUITests */ = {
			isa = PBXNativeTarget;
			buildConfigurationList = 3D09F9AF26D5B53700105EC2 /* Build configuration list for PBXNativeTarget "Practice UIUITests" */;
			buildPhases = (
				3D09F99C26D5B53700105EC2 /* Sources */,
				3D09F99D26D5B53700105EC2 /* Frameworks */,
				3D09F99E26D5B53700105EC2 /* Resources */,
			);
			buildRules = (
			);
			dependencies = (
				3D09F9A226D5B53700105EC2 /* PBXTargetDependency */,
			);
			name = "Practice UIUITests";
			productName = "Practice UIUITests";
			productReference = 3D09F9A026D5B53700105EC2 /* Practice UIUITests.xctest */;
			productType = "com.apple.product-type.bundle.ui-testing";
		};
/* End PBXNativeTarget section */

/* Begin PBXProject section */
		3D09F97926D5B53500105EC2 /* Project object */ = {
			isa = PBXProject;
			attributes = {
				LastSwiftUpdateCheck = 0940;
				LastUpgradeCheck = 0940;
				ORGANIZATIONNAME = Alumno;
				TargetAttributes = {
					3D09F98026D5B53500105EC2 = {
						CreatedOnToolsVersion = 9.4.1;
					};
					3D09F99426D5B53700105EC2 = {
						CreatedOnToolsVersion = 9.4.1;
						TestTargetID = 3D09F98026D5B53500105EC2;
					};
					3D09F99F26D5B53700105EC2 = {
						CreatedOnToolsVersion = 9.4.1;
						TestTargetID = 3D09F98026D5B53500105EC2;
					};
				};
			};
			buildConfigurationList = 3D09F97C26D5B53500105EC2 /* Build configuration list for PBXProject "Practice UI" */;
			compatibilityVersion = "Xcode 9.3";
			developmentRegion = en;
			hasScannedForEncodings = 0;
			knownRegions = (
				en,
				Base,
			);
			mainGroup = 3D09F97826D5B53500105EC2;
			productRefGroup = 3D09F98226D5B53500105EC2 /* Products */;
			projectDirPath = "";
			projectRoot = "";
			targets = (
				3D09F98026D5B53500105EC2 /* Practice UI */,
				3D09F99426D5B53700105EC2 /* Practice UITests */,
				3D09F99F26D5B53700105EC2 /* Practice UIUITests */,
			);
		};
/* End PBXProject section */

/* Begin PBXResourcesBuildPhase section */
		3D09F97F26D5B53500105EC2 /* Resources */ = {
			isa = PBXResourcesBuildPhase;
			buildActionMask = 2147483647;
			files = (
				3D09F98F26D5B53700105EC2 /* LaunchScreen.storyboard in Resources */,
				3D09F98C26D5B53700105EC2 /* Assets.xcassets in Resources */,
				3D09F98A26D5B53500105EC2 /* Main.storyboard in Resources */,
			);
			runOnlyForDeploymentPostprocessing = 0;
		};
		3D09F99326D5B53700105EC2 /* Resources */ = {
			isa = PBXResourcesBuildPhase;
			buildActionMask = 2147483647;
			files = (
			);
			runOnlyForDeploymentPostprocessing = 0;
		};
		3D09F99E26D5B53700105EC2 /* Resources */ = {
			isa = PBXResourcesBuildPhase;
			buildActionMask = 2147483647;
			files = (
			);
			runOnlyForDeploymentPostprocessing = 0;
		};
/* End PBXResourcesBuildPhase section */

/* Begin PBXSourcesBuildPhase section */
		3D09F97D26D5B53500105EC2 /* Sources */ = {
			isa = PBXSourcesBuildPhase;
			buildActionMask = 2147483647;
			files = (
				3D09F98726D5B53500105EC2 /* ViewController.swift in Sources */,
				3D09F98526D5B53500105EC2 /* AppDelegate.swift in Sources */,
			);
			runOnlyForDeploymentPostprocessing = 0;
		};
		3D09F99126D5B53700105EC2 /* Sources */ = {
			isa = PBXSourcesBuildPhase;
			buildActionMask = 2147483647;
			files = (
				3D09F99A26D5B53700105EC2 /* Practice_UITests.swift in Sources */,
			);
			runOnlyForDeploymentPostprocessing = 0;
		};
		3D09F99C26D5B53700105EC2 /* Sources */ = {
			isa = PBXSourcesBuildPhase;
			buildActionMask = 2147483647;
			files = (
				3D09F9A526D5B53700105EC2 /* Practice_UIUITests.swift in Sources */,
			);
			runOnlyForDeploymentPostprocessing = 0;
		};
/* End PBXSourcesBuildPhase section */

/* Begin PBXTargetDependency section */
		3D09F99726D5B53700105EC2 /* PBXTargetDependency */ = {
			isa = PBXTargetDependency;
			target = 3D09F98026D5B53500105EC2 /* Practice UI */;
			targetProxy = 3D09F99626D5B53700105EC2 /* PBXContainerItemProxy */;
		};
		3D09F9A226D5B53700105EC2 /* PBXTargetDependency */ = {
			isa = PBXTargetDependency;
			target = 3D09F98026D5B53500105EC2 /* Practice UI */;
			targetProxy = 3D09F9A126D5B53700105EC2 /* PBXContainerItemProxy */;
		};
/* End PBXTargetDependency section */

/* Begin PBXVariantGroup section */
		3D09F98826D5B53500105EC2 /* Main.storyboard */ = {
			isa = PBXVariantGroup;
			children = (
				3D09F98926D5B53500105EC2 /* Base */,
			);
			name = Main.storyboard;
			sourceTree = "<group>";
		};
		3D09F98D26D5B53700105EC2 /* LaunchScreen.storyboard */ = {
			isa = PBXVariantGroup;
			children = (
				3D09F98E26D5B53700105EC2 /* Base */,
			);
			name = LaunchScreen.storyboard;
			sourceTree = "<group>";
		};
/* End PBXVariantGroup section */

/* Begin XCBuildConfiguration section */
		3D09F9A726D5B53700105EC2 /* Debug */ = {
			isa = XCBuildConfiguration;
			buildSettings = {
				ALWAYS_SEARCH_USER_PATHS = NO;
				CLANG_ANALYZER_NONNULL = YES;
				CLANG_ANALYZER_NUMBER_OBJECT_CONVERSION = YES_AGGRESSIVE;
				CLANG_CXX_LANGUAGE_STANDARD = "gnu++14";
				CLANG_CXX_LIBRARY = "libc++";
				CLANG_ENABLE_MODULES = YES;
				CLANG_ENABLE_OBJC_ARC = YES;
				CLANG_ENABLE_OBJC_WEAK = YES;
				CLANG_WARN_BLOCK_CAPTURE_AUTORELEASING = YES;
				CLANG_WARN_BOOL_CONVERSION = YES;
				CLANG_WARN_COMMA = YES;
				CLANG_WARN_CONSTANT_CONVERSION = YES;
				CLANG_WARN_DEPRECATED_OBJC_IMPLEMENTATIONS = YES;
				CLANG_WARN_DIRECT_OBJC_ISA_USAGE = YES_ERROR;
				CLANG_WARN_DOCUMENTATION_COMMENTS = YES;
				CLANG_WARN_EMPTY_BODY = YES;
				CLANG_WARN_ENUM_CONVERSION = YES;
				CLANG_WARN_INFINITE_RECURSION = YES;
				CLANG_WARN_INT_CONVERSION = YES;
				CLANG_WARN_NON_LITERAL_NULL_CONVERSION = YES;
				CLANG_WARN_OBJC_IMPLICIT_RETAIN_SELF = YES;
				CLANG_WARN_OBJC_LITERAL_CONVERSION = YES;
				CLANG_WARN_OBJC_ROOT_CLASS = YES_ERROR;
				CLANG_WARN_RANGE_LOOP_ANALYSIS = YES;
				CLANG_WARN_STRICT_PROTOTYPES = YES;
				CLANG_WARN_SUSPICIOUS_MOVE = YES;
				CLANG_WARN_UNGUARDED_AVAILABILITY = YES_AGGRESSIVE;
				CLANG_WARN_UNREACHABLE_CODE = YES;
				CLANG_WARN__DUPLICATE_METHOD_MATCH = YES;
				CODE_SIGN_IDENTITY = "iPhone Developer";
				COPY_PHASE_STRIP = NO;
				DEBUG_INFORMATION_FORMAT = dwarf;
				ENABLE_STRICT_OBJC_MSGSEND = YES;
				ENABLE_TESTABILITY = YES;
				GCC_C_LANGUAGE_STANDARD = gnu11;
				GCC_DYNAMIC_NO_PIC = NO;
				GCC_NO_COMMON_BLOCKS = YES;
				GCC_OPTIMIZATION_LEVEL = 0;
				GCC_PREPROCESSOR_DEFINITIONS = (
					"DEBUG=1",
					"$(inherited)",
				);
				GCC_WARN_64_TO_32_BIT_CONVERSION = YES;
				GCC_WARN_ABOUT_RETURN_TYPE = YES_ERROR;
				GCC_WARN_UNDECLARED_SELECTOR = YES;
				GCC_WARN_UNINITIALIZED_AUTOS = YES_AGGRESSIVE;
				GCC_WARN_UNUSED_FUNCTION = YES;
				GCC_WARN_UNUSED_VARIABLE = YES;
				IPHONEOS_DEPLOYMENT_TARGET = 11.4;
				MTL_ENABLE_DEBUG_INFO = YES;
				ONLY_ACTIVE_ARCH = YES;
				SDKROOT = iphoneos;
				SWIFT_ACTIVE_COMPILATION_CONDITIONS = DEBUG;
				SWIFT_OPTIMIZATION_LEVEL = "-Onone";
			};
			name = Debug;
		};
		3D09F9A826D5B53700105EC2 /* Release */ = {
			isa = XCBuildConfiguration;
			buildSettings = {
				ALWAYS_SEARCH_USER_PATHS = NO;
				CLANG_ANALYZER_NONNULL = YES;
				CLANG_ANALYZER_NUMBER_OBJECT_CONVERSION = YES_AGGRESSIVE;
				CLANG_CXX_LANGUAGE_STANDARD = "gnu++14";
				CLANG_CXX_LIBRARY = "libc++";
				CLANG_ENABLE_MODULES = YES;
				CLANG_ENABLE_OBJC_ARC = YES;
				CLANG_ENABLE_OBJC_WEAK = YES;
				CLANG_WARN_BLOCK_CAPTURE_AUTORELEASING = YES;
				CLANG_WARN_BOOL_CONVERSION = YES;
				CLANG_WARN_COMMA = YES;
				CLANG_WARN_CONSTANT_CONVERSION = YES;
				CLANG_WARN_DEPRECATED_OBJC_IMPLEMENTATIONS = YES;
				CLANG_WARN_DIRECT_OBJC_ISA_USAGE = YES_ERROR;
				CLANG_WARN_DOCUMENTATION_COMMENTS = YES;
				CLANG_WARN_EMPTY_BODY = YES;
				CLANG_WARN_ENUM_CONVERSION = YES;
				CLANG_WARN_INFINITE_RECURSION = YES;
				CLANG_WARN_INT_CONVERSION = YES;
				CLANG_WARN_NON_LITERAL_NULL_CONVERSION = YES;
				CLANG_WARN_OBJC_IMPLICIT_RETAIN_SELF = YES;
				CLANG_WARN_OBJC_LITERAL_CONVERSION = YES;
				CLANG_WARN_OBJC_ROOT_CLASS = YES_ERROR;
				CLANG_WARN_RANGE_LOOP_ANALYSIS = YES;
				CLANG_WARN_STRICT_PROTOTYPES = YES;
				CLANG_WARN_SUSPICIOUS_MOVE = YES;
				CLANG_WARN_UNGUARDED_AVAILABILITY = YES_AGGRESSIVE;
				CLANG_WARN_UNREACHABLE_CODE = YES;
				CLANG_WARN__DUPLICATE_METHOD_MATCH = YES;
				CODE_SIGN_IDENTITY = "iPhone Developer";
				COPY_PHASE_STRIP = NO;
				DEBUG_INFORMATION_FORMAT = "dwarf-with-dsym";
				ENABLE_NS_ASSERTIONS = NO;
				ENABLE_STRICT_OBJC_MSGSEND = YES;
				GCC_C_LANGUAGE_STANDARD = gnu11;
				GCC_NO_COMMON_BLOCKS = YES;
				GCC_WARN_64_TO_32_BIT_CONVERSION = YES;
				GCC_WARN_ABOUT_RETURN_TYPE = YES_ERROR;
				GCC_WARN_UNDECLARED_SELECTOR = YES;
				GCC_WARN_UNINITIALIZED_AUTOS = YES_AGGRESSIVE;
				GCC_WARN_UNUSED_FUNCTION = YES;
				GCC_WARN_UNUSED_VARIABLE = YES;
				IPHONEOS_DEPLOYMENT_TARGET = 11.4;
				MTL_ENABLE_DEBUG_INFO = NO;
				SDKROOT = iphoneos;
				SWIFT_COMPILATION_MODE = wholemodule;
				SWIFT_OPTIMIZATION_LEVEL = "-O";
				VALIDATE_PRODUCT = YES;
			};
			name = Release;
		};
		3D09F9AA26D5B53700105EC2 /* Debug */ = {
			isa = XCBuildConfiguration;
			buildSettings = {
				ASSETCATALOG_COMPILER_APPICON_NAME = AppIcon;
				CODE_SIGN_STYLE = Automatic;
				INFOPLIST_FILE = "Practice UI/Info.plist";
				LD_RUNPATH_SEARCH_PATHS = (
					"$(inherited)",
					"@executable_path/Frameworks",
				);
				PRODUCT_BUNDLE_IDENTIFIER = "edu.ulsa.Practice-UI";
				PRODUCT_NAME = "$(TARGET_NAME)";
				SWIFT_VERSION = 4.0;
				TARGETED_DEVICE_FAMILY = "1,2";
			};
			name = Debug;
		};
		3D09F9AB26D5B53700105EC2 /* Release */ = {
			isa = XCBuildConfiguration;
			buildSettings = {
				ASSETCATALOG_COMPILER_APPICON_NAME = AppIcon;
				CODE_SIGN_STYLE = Automatic;
				INFOPLIST_FILE = "Practice UI/Info.plist";
				LD_RUNPATH_SEARCH_PATHS = (
					"$(inherited)",
					"@executable_path/Frameworks",
				);
				PRODUCT_BUNDLE_IDENTIFIER = "edu.ulsa.Practice-UI";
				PRODUCT_NAME = "$(TARGET_NAME)";
				SWIFT_VERSION = 4.0;
				TARGETED_DEVICE_FAMILY = "1,2";
			};
			name = Release;
		};
		3D09F9AD26D5B53700105EC2 /* Debug */ = {
			isa = XCBuildConfiguration;
			buildSettings = {
				ALWAYS_EMBED_SWIFT_STANDARD_LIBRARIES = YES;
				BUNDLE_LOADER = "$(TEST_HOST)";
				CODE_SIGN_STYLE = Automatic;
				INFOPLIST_FILE = "Practice UITests/Info.plist";
				LD_RUNPATH_SEARCH_PATHS = (
					"$(inherited)",
					"@executable_path/Frameworks",
					"@loader_path/Frameworks",
				);
				PRODUCT_BUNDLE_IDENTIFIER = "edu.ulsa.Practice-UITests";
				PRODUCT_NAME = "$(TARGET_NAME)";
				SWIFT_VERSION = 4.0;
				TARGETED_DEVICE_FAMILY = "1,2";
				TEST_HOST = "$(BUILT_PRODUCTS_DIR)/Practice UI.app/Practice UI";
			};
			name = Debug;
		};
		3D09F9AE26D5B53700105EC2 /* Release */ = {
			isa = XCBuildConfiguration;
			buildSettings = {
				ALWAYS_EMBED_SWIFT_STANDARD_LIBRARIES = YES;
				BUNDLE_LOADER = "$(TEST_HOST)";
				CODE_SIGN_STYLE = Automatic;
				INFOPLIST_FILE = "Practice UITests/Info.plist";
				LD_RUNPATH_SEARCH_PATHS = (
					"$(inherited)",
					"@executable_path/Frameworks",
					"@loader_path/Frameworks",
				);
				PRODUCT_BUNDLE_IDENTIFIER = "edu.ulsa.Practice-UITests";
				PRODUCT_NAME = "$(TARGET_NAME)";
				SWIFT_VERSION = 4.0;
				TARGETED_DEVICE_FAMILY = "1,2";
				TEST_HOST = "$(BUILT_PRODUCTS_DIR)/Practice UI.app/Practice UI";
			};
			name = Release;
		};
		3D09F9B026D5B53700105EC2 /* Debug */ = {
			isa = XCBuildConfiguration;
			buildSettings = {
				ALWAYS_EMBED_SWIFT_STANDARD_LIBRARIES = YES;
				CODE_SIGN_STYLE = Automatic;
				INFOPLIST_FILE = "Practice UIUITests/Info.plist";
				LD_RUNPATH_SEARCH_PATHS = (
					"$(inherited)",
					"@executable_path/Frameworks",
					"@loader_path/Frameworks",
				);
				PRODUCT_BUNDLE_IDENTIFIER = "edu.ulsa.Practice-UIUITests";
				PRODUCT_NAME = "$(TARGET_NAME)";
				SWIFT_VERSION = 4.0;
				TARGETED_DEVICE_FAMILY = "1,2";
				TEST_TARGET_NAME = "Practice UI";
			};
			name = Debug;
		};
		3D09F9B126D5B53700105EC2 /* Release */ = {
			isa = XCBuildConfiguration;
			buildSettings = {
				ALWAYS_EMBED_SWIFT_STANDARD_LIBRARIES = YES;
				CODE_SIGN_STYLE = Automatic;
				INFOPLIST_FILE = "Practice UIUITests/Info.plist";
				LD_RUNPATH_SEARCH_PATHS = (
					"$(inherited)",
					"@executable_path/Frameworks",
					"@loader_path/Frameworks",
				);
				PRODUCT_BUNDLE_IDENTIFIER = "edu.ulsa.Practice-UIUITests";
				PRODUCT_NAME = "$(TARGET_NAME)";
				SWIFT_VERSION = 4.0;
				TARGETED_DEVICE_FAMILY = "1,2";
				TEST_TARGET_NAME = "Practice UI";
			};
			name = Release;
		};
/* End XCBuildConfiguration section */

/* Begin XCConfigurationList section */
		3D09F97C26D5B53500105EC2 /* Build configuration list for PBXProject "Practice UI" */ = {
			isa = XCConfigurationList;
			buildConfigurations = (
				3D09F9A726D5B53700105EC2 /* Debug */,
				3D09F9A826D5B53700105EC2 /* Release */,
			);
			defaultConfigurationIsVisible = 0;
			defaultConfigurationName = Release;
		};
		3D09F9A926D5B53700105EC2 /* Build configuration list for PBXNativeTarget "Practice UI" */ = {
			isa = XCConfigurationList;
			buildConfigurations = (
				3D09F9AA26D5B53700105EC2 /* Debug */,
				3D09F9AB26D5B53700105EC2 /* Release */,
			);
			defaultConfigurationIsVisible = 0;
			defaultConfigurationName = Release;
		};
		3D09F9AC26D5B53700105EC2 /* Build configuration list for PBXNativeTarget "Practice UITests" */ = {
			isa = XCConfigurationList;
			buildConfigurations = (
				3D09F9AD26D5B53700105EC2 /* Debug */,
				3D09F9AE26D5B53700105EC2 /* Release */,
			);
			defaultConfigurationIsVisible = 0;
			defaultConfigurationName = Release;
		};
		3D09F9AF26D5B53700105EC2 /* Build configuration list for PBXNativeTarget "Practice UIUITests" */ = {
			isa = XCConfigurationList;
			buildConfigurations = (
				3D09F9B026D5B53700105EC2 /* Debug */,
				3D09F9B126D5B53700105EC2 /* Release */,
			);
			defaultConfigurationIsVisible = 0;
			defaultConfigurationName = Release;
		};
/* End XCConfigurationList section */
	};
	rootObject = 3D09F97926D5B53500105EC2 /* Project object */;
}
